
Microsoft Visual Studio Solution File, Format Version 12.00
# Visual Studio Version 17
VisualStudioVersion = 17.9.34622.214
MinimumVisualStudioVersion = 10.0.40219.1
Project("{8BC9CEB8-8B4A-11D0-8D11-00A0C91BC942}") = "Pac_Man", "Pac_Man.vcxproj", "{81537D66-D7C7-43A7-BE97-0278DF1A92E6}"
EndProject
Global
	GlobalSection(SolutionConfigurationPlatforms) = preSolution
		Debug|x64 = Debug|x64
		Debug|x86 = Debug|x86
		Release|x64 = Release|x64
		Release|x86 = Release|x86
	EndGlobalSection
	GlobalSection(ProjectConfigurationPlatforms) = postSolution
		{81537D66-D7C7-43A7-BE97-0278DF1A92E6}.Debug|x64.ActiveCfg = Debug|x64
		{81537D66-D7C7-43A7-BE97-0278DF1A92E6}.Debug|x64.Build.0 = Debug|x64
		{81537D66-D7C7-43A7-BE97-0278DF1A92E6}.Debug|x86.ActiveCfg = Debug|Win32
		{81537D66-D7C7-43A7-BE97-0278DF1A92E6}.Debug|x86.Build.0 = Debug|Win32
		{81537D66-D7C7-43A7-BE97-0278DF1A92E6}.Release|x64.ActiveCfg = Release|x64
		{81537D66-D7C7-43A7-BE97-0278DF1A92E6}.Release|x64.Build.0 = Release|x64
		{81537D66-D7C7-43A7-BE97-0278DF1A92E6}.Release|x86.ActiveCfg = Release|Win32
		{81537D66-D7C7-43A7-BE97-0278DF1A92E6}.Release|x86.Build.0 = Release|Win32
	EndGlobalSection
	GlobalSection(SolutionProperties) = preSolution
		HideSolutionNode = FALSE
	EndGlobalSection
	GlobalSection(ExtensibilityGlobals) = postSolution
		SolutionGuid = {0FD181C6-7F76-4A27-866F-82192D1DECE7}
	EndGlobalSection
EndGlobal
